
Microsoft Visual Studio Solution File, Format Version 12.00
# Visual Studio 14
VisualStudioVersion = 14.0.24720.0
MinimumVisualStudioVersion = 10.0.40219.1
Project("{2150E333-8FDC-42A3-9474-1A3956D46DE8}") = "Challenges", "Challenges", "{39659702-937F-467D-93B7-D2B857FDFD75}"
EndProject
Project("{2150E333-8FDC-42A3-9474-1A3956D46DE8}") = "Algorithms", "Algorithms", "{ACFEDF6C-3513-4D5C-9272-7F23C822E153}"
EndProject
Project("{2150E333-8FDC-42A3-9474-1A3956D46DE8}") = "Strings", "Strings", "{6540ADCD-EEC3-40DC-A267-95FDB14BB9B9}"
EndProject
Project("{FAE04EC0-301F-11D3-BF4B-00C04F79EFBC}") = "Vikekh.HackerRank.Challenges.TwoStrings", "src\Vikekh.HackerRank.Challenges.TwoStrings\Vikekh.HackerRank.Challenges.TwoStrings.csproj", "{1E20D44A-B568-4A5C-9948-DB4737CA7D94}"
EndProject
Project("{FAE04EC0-301F-11D3-BF4B-00C04F79EFBC}") = "Vikekh.HackerRank.Challenges.TwoStrings.Test", "test\Vikekh.HackerRank.Challenges.TwoStrings.Test\Vikekh.HackerRank.Challenges.TwoStrings.Test.csproj", "{B74F97C2-AE90-41AB-8749-B967A712DA95}"
EndProject
Project("{FAE04EC0-301F-11D3-BF4B-00C04F79EFBC}") = "Vikekh.HackerRank.Challenges.Encryption", "src\Vikekh.HackerRank.Challenges.Encryption\Vikekh.HackerRank.Challenges.Encryption.csproj", "{7E72AA78-FABC-42F1-A14E-83C0F745974A}"
EndProject
Project("{2150E333-8FDC-42A3-9474-1A3956D46DE8}") = "Implementation", "Implementation", "{2B81E509-86D0-42A0-B4F8-5BD5B4870B78}"
EndProject
Project("{2150E333-8FDC-42A3-9474-1A3956D46DE8}") = "src", "src", "{3AC9BADF-4A2A-4852-81BA-BA6D31BD4687}"
EndProject
Project("{2150E333-8FDC-42A3-9474-1A3956D46DE8}") = "test", "test", "{77E016F3-2F05-430E-B5F3-00C697B6ABEF}"
EndProject
Project("{FAE04EC0-301F-11D3-BF4B-00C04F79EFBC}") = "Vikekh.HackerRank.Challenges.Encryption.Test", "test\Vikekh.HackerRank.Challenges.Encryption.Test\Vikekh.HackerRank.Challenges.Encryption.Test.csproj", "{8F5C7D93-24EE-4B64-BA21-7A393900B1B3}"
EndProject
Global
	GlobalSection(SolutionConfigurationPlatforms) = preSolution
		Debug|Any CPU = Debug|Any CPU
		Release|Any CPU = Release|Any CPU
	EndGlobalSection
	GlobalSection(ProjectConfigurationPlatforms) = postSolution
		{1E20D44A-B568-4A5C-9948-DB4737CA7D94}.Debug|Any CPU.ActiveCfg = Debug|Any CPU
		{1E20D44A-B568-4A5C-9948-DB4737CA7D94}.Debug|Any CPU.Build.0 = Debug|Any CPU
		{1E20D44A-B568-4A5C-9948-DB4737CA7D94}.Release|Any CPU.ActiveCfg = Release|Any CPU
		{1E20D44A-B568-4A5C-9948-DB4737CA7D94}.Release|Any CPU.Build.0 = Release|Any CPU
		{B74F97C2-AE90-41AB-8749-B967A712DA95}.Debug|Any CPU.ActiveCfg = Debug|Any CPU
		{B74F97C2-AE90-41AB-8749-B967A712DA95}.Debug|Any CPU.Build.0 = Debug|Any CPU
		{B74F97C2-AE90-41AB-8749-B967A712DA95}.Release|Any CPU.ActiveCfg = Release|Any CPU
		{B74F97C2-AE90-41AB-8749-B967A712DA95}.Release|Any CPU.Build.0 = Release|Any CPU
		{7E72AA78-FABC-42F1-A14E-83C0F745974A}.Debug|Any CPU.ActiveCfg = Debug|Any CPU
		{7E72AA78-FABC-42F1-A14E-83C0F745974A}.Debug|Any CPU.Build.0 = Debug|Any CPU
		{7E72AA78-FABC-42F1-A14E-83C0F745974A}.Release|Any CPU.ActiveCfg = Release|Any CPU
		{7E72AA78-FABC-42F1-A14E-83C0F745974A}.Release|Any CPU.Build.0 = Release|Any CPU
		{8F5C7D93-24EE-4B64-BA21-7A393900B1B3}.Debug|Any CPU.ActiveCfg = Debug|Any CPU
		{8F5C7D93-24EE-4B64-BA21-7A393900B1B3}.Debug|Any CPU.Build.0 = Debug|Any CPU
		{8F5C7D93-24EE-4B64-BA21-7A393900B1B3}.Release|Any CPU.ActiveCfg = Release|Any CPU
		{8F5C7D93-24EE-4B64-BA21-7A393900B1B3}.Release|Any CPU.Build.0 = Release|Any CPU
	EndGlobalSection
	GlobalSection(SolutionProperties) = preSolution
		HideSolutionNode = FALSE
	EndGlobalSection
	GlobalSection(NestedProjects) = preSolution
		{39659702-937F-467D-93B7-D2B857FDFD75} = {3AC9BADF-4A2A-4852-81BA-BA6D31BD4687}
		{ACFEDF6C-3513-4D5C-9272-7F23C822E153} = {39659702-937F-467D-93B7-D2B857FDFD75}
		{6540ADCD-EEC3-40DC-A267-95FDB14BB9B9} = {ACFEDF6C-3513-4D5C-9272-7F23C822E153}
		{1E20D44A-B568-4A5C-9948-DB4737CA7D94} = {6540ADCD-EEC3-40DC-A267-95FDB14BB9B9}
		{B74F97C2-AE90-41AB-8749-B967A712DA95} = {77E016F3-2F05-430E-B5F3-00C697B6ABEF}
		{7E72AA78-FABC-42F1-A14E-83C0F745974A} = {2B81E509-86D0-42A0-B4F8-5BD5B4870B78}
		{2B81E509-86D0-42A0-B4F8-5BD5B4870B78} = {ACFEDF6C-3513-4D5C-9272-7F23C822E153}
		{8F5C7D93-24EE-4B64-BA21-7A393900B1B3} = {77E016F3-2F05-430E-B5F3-00C697B6ABEF}
	EndGlobalSection
EndGlobal
